// !$*UTF8*$!
{
	archiveVersion = 1;
	classes = {
	};
	objectVersion = 56;
	objects = {

/* Begin PBXBuildFile section */
		CD2057892C85961800674C54 /* GameScoutApp.swift in Sources */ = {isa = PBXBuildFile; fileRef = CD2057882C85961800674C54 /* GameScoutApp.swift */; };
		CD20578B2C85961800674C54 /* ContentView.swift in Sources */ = {isa = PBXBuildFile; fileRef = CD20578A2C85961800674C54 /* ContentView.swift */; };
		CD20578D2C85961A00674C54 /* Assets.xcassets in Resources */ = {isa = PBXBuildFile; fileRef = CD20578C2C85961A00674C54 /* Assets.xcassets */; };
		CD2057902C85961A00674C54 /* Preview Assets.xcassets in Resources */ = {isa = PBXBuildFile; fileRef = CD20578F2C85961A00674C54 /* Preview Assets.xcassets */; };
		CD2057972C85A21F00674C54 /* GameWork.swift in Sources */ = {isa = PBXBuildFile; fileRef = CD2057962C85A21F00674C54 /* GameWork.swift */; };
		CD2057992C85BD8E00674C54 /* GameWorkGridViewModel.swift in Sources */ = {isa = PBXBuildFile; fileRef = CD2057982C85BD8E00674C54 /* GameWorkGridViewModel.swift */; };
		CD20579B2C85BF5600674C54 /* DetailView.swift in Sources */ = {isa = PBXBuildFile; fileRef = CD20579A2C85BF5600674C54 /* DetailView.swift */; };
		CD20579D2C85C2A300674C54 /* GameViewButton.swift in Sources */ = {isa = PBXBuildFile; fileRef = CD20579C2C85C2A300674C54 /* GameViewButton.swift */; };
		CD20579F2C85C4B100674C54 /* SafariView.swift in Sources */ = {isa = PBXBuildFile; fileRef = CD20579E2C85C4B100674C54 /* SafariView.swift */; };
/* End PBXBuildFile section */

/* Begin PBXFileReference section */
		CD2057852C85961800674C54 /* GameScout.app */ = {isa = PBXFileReference; explicitFileType = wrapper.application; includeInIndex = 0; path = GameScout.app; sourceTree = BUILT_PRODUCTS_DIR; };
		CD2057882C85961800674C54 /* GameScoutApp.swift */ = {isa = PBXFileReference; lastKnownFileType = sourcecode.swift; path = GameScoutApp.swift; sourceTree = "<group>"; };
		CD20578A2C85961800674C54 /* ContentView.swift */ = {isa = PBXFileReference; lastKnownFileType = sourcecode.swift; path = ContentView.swift; sourceTree = "<group>"; };
		CD20578C2C85961A00674C54 /* Assets.xcassets */ = {isa = PBXFileReference; lastKnownFileType = folder.assetcatalog; path = Assets.xcassets; sourceTree = "<group>"; };
		CD20578F2C85961A00674C54 /* Preview Assets.xcassets */ = {isa = PBXFileReference; lastKnownFileType = folder.assetcatalog; path = "Preview Assets.xcassets"; sourceTree = "<group>"; };
		CD2057962C85A21F00674C54 /* GameWork.swift */ = {isa = PBXFileReference; lastKnownFileType = sourcecode.swift; path = GameWork.swift; sourceTree = "<group>"; };
		CD2057982C85BD8E00674C54 /* GameWorkGridViewModel.swift */ = {isa = PBXFileReference; lastKnownFileType = sourcecode.swift; path = GameWorkGridViewModel.swift; sourceTree = "<group>"; };
		CD20579A2C85BF5600674C54 /* DetailView.swift */ = {isa = PBXFileReference; lastKnownFileType = sourcecode.swift; path = DetailView.swift; sourceTree = "<group>"; };
		CD20579C2C85C2A300674C54 /* GameViewButton.swift */ = {isa = PBXFileReference; lastKnownFileType = sourcecode.swift; path = GameViewButton.swift; sourceTree = "<group>"; };
		CD20579E2C85C4B100674C54 /* SafariView.swift */ = {isa = PBXFileReference; lastKnownFileType = sourcecode.swift; path = SafariView.swift; sourceTree = "<group>"; };
/* End PBXFileReference section */

/* Begin PBXFrameworksBuildPhase section */
		CD2057822C85961800674C54 /* Frameworks */ = {
			isa = PBXFrameworksBuildPhase;
			buildActionMask = 2147483647;
			files = (
			);
			runOnlyForDeploymentPostprocessing = 0;
		};
/* End PBXFrameworksBuildPhase section */

/* Begin PBXGroup section */
		CD20577C2C85961800674C54 = {
			isa = PBXGroup;
			children = (
				CD2057872C85961800674C54 /* GameScout */,
				CD2057862C85961800674C54 /* Products */,
			);
			sourceTree = "<group>";
		};
		CD2057862C85961800674C54 /* Products */ = {
			isa = PBXGroup;
			children = (
				CD2057852C85961800674C54 /* GameScout.app */,
			);
			name = Products;
			sourceTree = "<group>";
		};
		CD2057872C85961800674C54 /* GameScout */ = {
			isa = PBXGroup;
			children = (
				CD2057882C85961800674C54 /* GameScoutApp.swift */,
				CD20578A2C85961800674C54 /* ContentView.swift */,
				CD20578C2C85961A00674C54 /* Assets.xcassets */,
				CD20578E2C85961A00674C54 /* Preview Content */,
				CD2057962C85A21F00674C54 /* GameWork.swift */,
				CD2057982C85BD8E00674C54 /* GameWorkGridViewModel.swift */,
				CD20579A2C85BF5600674C54 /* DetailView.swift */,
				CD20579C2C85C2A300674C54 /* GameViewButton.swift */,
				CD20579E2C85C4B100674C54 /* SafariView.swift */,
			);
			path = GameScout;
			sourceTree = "<group>";
		};
		CD20578E2C85961A00674C54 /* Preview Content */ = {
			isa = PBXGroup;
			children = (
				CD20578F2C85961A00674C54 /* Preview Assets.xcassets */,
			);
			path = "Preview Content";
			sourceTree = "<group>";
		};
/* End PBXGroup section */

/* Begin PBXNativeTarget section */
		CD2057842C85961800674C54 /* GameScout */ = {
			isa = PBXNativeTarget;
			buildConfigurationList = CD2057932C85961B00674C54 /* Build configuration list for PBXNativeTarget "GameScout" */;
			buildPhases = (
				CD2057812C85961800674C54 /* Sources */,
				CD2057822C85961800674C54 /* Frameworks */,
				CD2057832C85961800674C54 /* Resources */,
			);
			buildRules = (
			);
			dependencies = (
			);
			name = GameScout;
			productName = GameScout;
			productReference = CD2057852C85961800674C54 /* GameScout.app */;
			productType = "com.apple.product-type.application";
		};
/* End PBXNativeTarget section */

/* Begin PBXProject section */
		CD20577D2C85961800674C54 /* Project object */ = {
			isa = PBXProject;
			attributes = {
				BuildIndependentTargetsInParallel = 1;
				LastSwiftUpdateCheck = 1540;
				LastUpgradeCheck = 1540;
				TargetAttributes = {
					CD2057842C85961800674C54 = {
						CreatedOnToolsVersion = 15.4;
					};
				};
			};
			buildConfigurationList = CD2057802C85961800674C54 /* Build configuration list for PBXProject "GameScout" */;
			compatibilityVersion = "Xcode 14.0";
			developmentRegion = en;
			hasScannedForEncodings = 0;
			knownRegions = (
				en,
				Base,
			);
			mainGroup = CD20577C2C85961800674C54;
			productRefGroup = CD2057862C85961800674C54 /* Products */;
			projectDirPath = "";
			projectRoot = "";
			targets = (
				CD2057842C85961800674C54 /* GameScout */,
			);
		};
/* End PBXProject section */

/* Begin PBXResourcesBuildPhase section */
		CD2057832C85961800674C54 /* Resources */ = {
			isa = PBXResourcesBuildPhase;
			buildActionMask = 2147483647;
			files = (
				CD2057902C85961A00674C54 /* Preview Assets.xcassets in Resources */,
				CD20578D2C85961A00674C54 /* Assets.xcassets in Resources */,
			);
			runOnlyForDeploymentPostprocessing = 0;
		};
/* End PBXResourcesBuildPhase section */

/* Begin PBXSourcesBuildPhase section */
		CD2057812C85961800674C54 /* Sources */ = {
			isa = PBXSourcesBuildPhase;
			buildActionMask = 2147483647;
			files = (
				CD20578B2C85961800674C54 /* ContentView.swift in Sources */,
				CD2057992C85BD8E00674C54 /* GameWorkGridViewModel.swift in Sources */,
				CD20579D2C85C2A300674C54 /* GameViewButton.swift in Sources */,
				CD2057972C85A21F00674C54 /* GameWork.swift in Sources */,
				CD20579B2C85BF5600674C54 /* DetailView.swift in Sources */,
				CD2057892C85961800674C54 /* GameScoutApp.swift in Sources */,
				CD20579F2C85C4B100674C54 /* SafariView.swift in Sources */,
			);
			runOnlyForDeploymentPostprocessing = 0;
		};
/* End PBXSourcesBuildPhase section */

/* Begin XCBuildConfiguration section */
		CD2057912C85961A00674C54 /* Debug */ = {
			isa = XCBuildConfiguration;
			buildSettings = {
				ALWAYS_SEARCH_USER_PATHS = NO;
				ASSETCATALOG_COMPILER_GENERATE_SWIFT_ASSET_SYMBOL_EXTENSIONS = YES;
				CLANG_ANALYZER_NONNULL = YES;
				CLANG_ANALYZER_NUMBER_OBJECT_CONVERSION = YES_AGGRESSIVE;
				CLANG_CXX_LANGUAGE_STANDARD = "gnu++20";
				CLANG_ENABLE_MODULES = YES;
				CLANG_ENABLE_OBJC_ARC = YES;
				CLANG_ENABLE_OBJC_WEAK = YES;
				CLANG_WARN_BLOCK_CAPTURE_AUTORELEASING = YES;
				CLANG_WARN_BOOL_CONVERSION = YES;
				CLANG_WARN_COMMA = YES;
				CLANG_WARN_CONSTANT_CONVERSION = YES;
				CLANG_WARN_DEPRECATED_OBJC_IMPLEMENTATIONS = YES;
				CLANG_WARN_DIRECT_OBJC_ISA_USAGE = YES_ERROR;
				CLANG_WARN_DOCUMENTATION_COMMENTS = YES;
				CLANG_WARN_EMPTY_BODY = YES;
				CLANG_WARN_ENUM_CONVERSION = YES;
				CLANG_WARN_INFINITE_RECURSION = YES;
				CLANG_WARN_INT_CONVERSION = YES;
				CLANG_WARN_NON_LITERAL_NULL_CONVERSION = YES;
				CLANG_WARN_OBJC_IMPLICIT_RETAIN_SELF = YES;
				CLANG_WARN_OBJC_LITERAL_CONVERSION = YES;
				CLANG_WARN_OBJC_ROOT_CLASS = YES_ERROR;
				CLANG_WARN_QUOTED_INCLUDE_IN_FRAMEWORK_HEADER = YES;
				CLANG_WARN_RANGE_LOOP_ANALYSIS = YES;
				CLANG_WARN_STRICT_PROTOTYPES = YES;
				CLANG_WARN_SUSPICIOUS_MOVE = YES;
				CLANG_WARN_UNGUARDED_AVAILABILITY = YES_AGGRESSIVE;
				CLANG_WARN_UNREACHABLE_CODE = YES;
				CLANG_WARN__DUPLICATE_METHOD_MATCH = YES;
				COPY_PHASE_STRIP = NO;
				DEBUG_INFORMATION_FORMAT = dwarf;
				ENABLE_STRICT_OBJC_MSGSEND = YES;
				ENABLE_TESTABILITY = YES;
				ENABLE_USER_SCRIPT_SANDBOXING = YES;
				GCC_C_LANGUAGE_STANDARD = gnu17;
				GCC_DYNAMIC_NO_PIC = NO;
				GCC_NO_COMMON_BLOCKS = YES;
				GCC_OPTIMIZATION_LEVEL = 0;
				GCC_PREPROCESSOR_DEFINITIONS = (
					"DEBUG=1",
					"$(inherited)",
				);
				GCC_WARN_64_TO_32_BIT_CONVERSION = YES;
				GCC_WARN_ABOUT_RETURN_TYPE = YES_ERROR;
				GCC_WARN_UNDECLARED_SELECTOR = YES;
				GCC_WARN_UNINITIALIZED_AUTOS = YES_AGGRESSIVE;
				GCC_WARN_UNUSED_FUNCTION = YES;
				GCC_WARN_UNUSED_VARIABLE = YES;
				IPHONEOS_DEPLOYMENT_TARGET = 17.5;
				LOCALIZATION_PREFERS_STRING_CATALOGS = YES;
				MTL_ENABLE_DEBUG_INFO = INCLUDE_SOURCE;
				MTL_FAST_MATH = YES;
				ONLY_ACTIVE_ARCH = YES;
				SDKROOT = iphoneos;
				SWIFT_ACTIVE_COMPILATION_CONDITIONS = "DEBUG $(inherited)";
				SWIFT_OPTIMIZATION_LEVEL = "-Onone";
			};
			name = Debug;
		};
		CD2057922C85961A00674C54 /* Release */ = {
			isa = XCBuildConfiguration;
			buildSettings = {
				ALWAYS_SEARCH_USER_PATHS = NO;
				ASSETCATALOG_COMPILER_GENERATE_SWIFT_ASSET_SYMBOL_EXTENSIONS = YES;
				CLANG_ANALYZER_NONNULL = YES;
				CLANG_ANALYZER_NUMBER_OBJECT_CONVERSION = YES_AGGRESSIVE;
				CLANG_CXX_LANGUAGE_STANDARD = "gnu++20";
				CLANG_ENABLE_MODULES = YES;
				CLANG_ENABLE_OBJC_ARC = YES;
				CLANG_ENABLE_OBJC_WEAK = YES;
				CLANG_WARN_BLOCK_CAPTURE_AUTORELEASING = YES;
				CLANG_WARN_BOOL_CONVERSION = YES;
				CLANG_WARN_COMMA = YES;
				CLANG_WARN_CONSTANT_CONVERSION = YES;
				CLANG_WARN_DEPRECATED_OBJC_IMPLEMENTATIONS = YES;
				CLANG_WARN_DIRECT_OBJC_ISA_USAGE = YES_ERROR;
				CLANG_WARN_DOCUMENTATION_COMMENTS = YES;
				CLANG_WARN_EMPTY_BODY = YES;
				CLANG_WARN_ENUM_CONVERSION = YES;
				CLANG_WARN_INFINITE_RECURSION = YES;
				CLANG_WARN_INT_CONVERSION = YES;
				CLANG_WARN_NON_LITERAL_NULL_CONVERSION = YES;
				CLANG_WARN_OBJC_IMPLICIT_RETAIN_SELF = YES;
				CLANG_WARN_OBJC_LITERAL_CONVERSION = YES;
				CLANG_WARN_OBJC_ROOT_CLASS = YES_ERROR;
				CLANG_WARN_QUOTED_INCLUDE_IN_FRAMEWORK_HEADER = YES;
				CLANG_WARN_RANGE_LOOP_ANALYSIS = YES;
				CLANG_WARN_STRICT_PROTOTYPES = YES;
				CLANG_WARN_SUSPICIOUS_MOVE = YES;
				CLANG_WARN_UNGUARDED_AVAILABILITY = YES_AGGRESSIVE;
				CLANG_WARN_UNREACHABLE_CODE = YES;
				CLANG_WARN__DUPLICATE_METHOD_MATCH = YES;
				COPY_PHASE_STRIP = NO;
				DEBUG_INFORMATION_FORMAT = "dwarf-with-dsym";
				ENABLE_NS_ASSERTIONS = NO;
				ENABLE_STRICT_OBJC_MSGSEND = YES;
				ENABLE_USER_SCRIPT_SANDBOXING = YES;
				GCC_C_LANGUAGE_STANDARD = gnu17;
				GCC_NO_COMMON_BLOCKS = YES;
				GCC_WARN_64_TO_32_BIT_CONVERSION = YES;
				GCC_WARN_ABOUT_RETURN_TYPE = YES_ERROR;
				GCC_WARN_UNDECLARED_SELECTOR = YES;
				GCC_WARN_UNINITIALIZED_AUTOS = YES_AGGRESSIVE;
				GCC_WARN_UNUSED_FUNCTION = YES;
				GCC_WARN_UNUSED_VARIABLE = YES;
				IPHONEOS_DEPLOYMENT_TARGET = 17.5;
				LOCALIZATION_PREFERS_STRING_CATALOGS = YES;
				MTL_ENABLE_DEBUG_INFO = NO;
				MTL_FAST_MATH = YES;
				SDKROOT = iphoneos;
				SWIFT_COMPILATION_MODE = wholemodule;
				VALIDATE_PRODUCT = YES;
			};
			name = Release;
		};
		CD2057942C85961B00674C54 /* Debug */ = {
			isa = XCBuildConfiguration;
			buildSettings = {
				ASSETCATALOG_COMPILER_APPICON_NAME = AppIcon;
				ASSETCATALOG_COMPILER_GLOBAL_ACCENT_COLOR_NAME = AccentColor;
				CODE_SIGN_STYLE = Automatic;
				CURRENT_PROJECT_VERSION = 1;
				DEVELOPMENT_ASSET_PATHS = "\"GameScout/Preview Content\"";
				DEVELOPMENT_TEAM = 2LXHZ229H8;
				ENABLE_PREVIEWS = YES;
				GENERATE_INFOPLIST_FILE = YES;
				INFOPLIST_KEY_UIApplicationSceneManifest_Generation = YES;
				INFOPLIST_KEY_UIApplicationSupportsIndirectInputEvents = YES;
				INFOPLIST_KEY_UILaunchScreen_Generation = YES;
				INFOPLIST_KEY_UISupportedInterfaceOrientations_iPad = "UIInterfaceOrientationPortrait UIInterfaceOrientationPortraitUpsideDown UIInterfaceOrientationLandscapeLeft UIInterfaceOrientationLandscapeRight";
				INFOPLIST_KEY_UISupportedInterfaceOrientations_iPhone = "UIInterfaceOrientationPortrait UIInterfaceOrientationLandscapeLeft UIInterfaceOrientationLandscapeRight";
				LD_RUNPATH_SEARCH_PATHS = (
					"$(inherited)",
					"@executable_path/Frameworks",
				);
				MARKETING_VERSION = 1.0;
				PRODUCT_BUNDLE_IDENTIFIER = com.NewLearning.GameScout;
				PRODUCT_NAME = "$(TARGET_NAME)";
				SWIFT_EMIT_LOC_STRINGS = YES;
				SWIFT_VERSION = 5.0;
				TARGETED_DEVICE_FAMILY = "1,2";
			};
			name = Debug;
		};
		CD2057952C85961B00674C54 /* Release */ = {
			isa = XCBuildConfiguration;
			buildSettings = {
				ASSETCATALOG_COMPILER_APPICON_NAME = AppIcon;
				ASSETCATALOG_COMPILER_GLOBAL_ACCENT_COLOR_NAME = AccentColor;
				CODE_SIGN_STYLE = Automatic;
				CURRENT_PROJECT_VERSION = 1;
				DEVELOPMENT_ASSET_PATHS = "\"GameScout/Preview Content\"";
				DEVELOPMENT_TEAM = 2LXHZ229H8;
				ENABLE_PREVIEWS = YES;
				GENERATE_INFOPLIST_FILE = YES;
				INFOPLIST_KEY_UIApplicationSceneManifest_Generation = YES;
				INFOPLIST_KEY_UIApplicationSupportsIndirectInputEvents = YES;
				INFOPLIST_KEY_UILaunchScreen_Generation = YES;
				INFOPLIST_KEY_UISupportedInterfaceOrientations_iPad = "UIInterfaceOrientationPortrait UIInterfaceOrientationPortraitUpsideDown UIInterfaceOrientationLandscapeLeft UIInterfaceOrientationLandscapeRight";
				INFOPLIST_KEY_UISupportedInterfaceOrientations_iPhone = "UIInterfaceOrientationPortrait UIInterfaceOrientationLandscapeLeft UIInterfaceOrientationLandscapeRight";
				LD_RUNPATH_SEARCH_PATHS = (
					"$(inherited)",
					"@executable_path/Frameworks",
				);
				MARKETING_VERSION = 1.0;
				PRODUCT_BUNDLE_IDENTIFIER = com.NewLearning.GameScout;
				PRODUCT_NAME = "$(TARGET_NAME)";
				SWIFT_EMIT_LOC_STRINGS = YES;
				SWIFT_VERSION = 5.0;
				TARGETED_DEVICE_FAMILY = "1,2";
			};
			name = Release;
		};
/* End XCBuildConfiguration section */

/* Begin XCConfigurationList section */
		CD2057802C85961800674C54 /* Build configuration list for PBXProject "GameScout" */ = {
			isa = XCConfigurationList;
			buildConfigurations = (
				CD2057912C85961A00674C54 /* Debug */,
				CD2057922C85961A00674C54 /* Release */,
			);
			defaultConfigurationIsVisible = 0;
			defaultConfigurationName = Release;
		};
		CD2057932C85961B00674C54 /* Build configuration list for PBXNativeTarget "GameScout" */ = {
			isa = XCConfigurationList;
			buildConfigurations = (
				CD2057942C85961B00674C54 /* Debug */,
				CD2057952C85961B00674C54 /* Release */,
			);
			defaultConfigurationIsVisible = 0;
			defaultConfigurationName = Release;
		};
/* End XCConfigurationList section */
	};
	rootObject = CD20577D2C85961800674C54 /* Project object */;
}
